
Microsoft Visual Studio Solution File, Format Version 12.00
# Visual Studio 14
VisualStudioVersion = 14.0.25420.1
MinimumVisualStudioVersion = 10.0.40219.1
Project("{2150E333-8FDC-42A3-9474-1A3956D46DE8}") = "Solution Items", "Solution Items", "{6D63AA79-0929-4DE1-BC9C-A4E3DE722922}"
	ProjectSection(SolutionItems) = preProject
		Changelog.txt = Changelog.txt
		LOC.txt = LOC.txt
		Performance1.psess = Performance1.psess
	EndProjectSection
EndProject
Project("{8BC9CEB8-8B4A-11D0-8D11-00A0C91BC942}") = "PowerSolutions.PowerFlow", "PowerSolutions.PowerFlow\PowerSolutions.PowerFlow.vcxproj", "{F0A27E64-DFB4-4A02-94D7-04C6E66534EB}"
EndProject
Project("{F184B08F-C81C-45F6-A57F-5ABD9991F28F}") = "PowerFlowSolver", "PowerFlowSolver\PowerFlowSolver.vbproj", "{C79AB260-5777-4CBE-A335-6F97B804AE85}"
EndProject
Project("{8BC9CEB8-8B4A-11D0-8D11-00A0C91BC942}") = "NativeUnitTest1", "NativeUnitTest1\NativeUnitTest1.vcxproj", "{FE468CDF-BCD4-4583-AEED-41E4396464E0}"
	ProjectSection(ProjectDependencies) = postProject
		{F0A27E64-DFB4-4A02-94D7-04C6E66534EB} = {F0A27E64-DFB4-4A02-94D7-04C6E66534EB}
	EndProjectSection
EndProject
Project("{8BC9CEB8-8B4A-11D0-8D11-00A0C91BC942}") = "PowerSolutions.Interop.PowerFlow", "PowerSolutions.Interop\PowerSolutions.Interop.vcxproj", "{3F461A67-845B-4B5B-B941-2CAB22E2494C}"
	ProjectSection(ProjectDependencies) = postProject
		{F0A27E64-DFB4-4A02-94D7-04C6E66534EB} = {F0A27E64-DFB4-4A02-94D7-04C6E66534EB}
	EndProjectSection
EndProject
Project("{F184B08F-C81C-45F6-A57F-5ABD9991F28F}") = "UnitTestProject1", "UnitTestProject1\UnitTestProject1.vbproj", "{F7647932-39BB-4D27-9AB7-2364BA4BD9D8}"
EndProject
Global
	GlobalSection(SolutionConfigurationPlatforms) = preSolution
		Debug|x64 = Debug|x64
		Debug|x86 = Debug|x86
		Release|x64 = Release|x64
		Release|x86 = Release|x86
	EndGlobalSection
	GlobalSection(ProjectConfigurationPlatforms) = postSolution
		{F0A27E64-DFB4-4A02-94D7-04C6E66534EB}.Debug|x64.ActiveCfg = Debug|x64
		{F0A27E64-DFB4-4A02-94D7-04C6E66534EB}.Debug|x64.Build.0 = Debug|x64
		{F0A27E64-DFB4-4A02-94D7-04C6E66534EB}.Debug|x86.ActiveCfg = Debug|Win32
		{F0A27E64-DFB4-4A02-94D7-04C6E66534EB}.Debug|x86.Build.0 = Debug|Win32
		{F0A27E64-DFB4-4A02-94D7-04C6E66534EB}.Release|x64.ActiveCfg = Release|x64
		{F0A27E64-DFB4-4A02-94D7-04C6E66534EB}.Release|x64.Build.0 = Release|x64
		{F0A27E64-DFB4-4A02-94D7-04C6E66534EB}.Release|x86.ActiveCfg = Release|Win32
		{F0A27E64-DFB4-4A02-94D7-04C6E66534EB}.Release|x86.Build.0 = Release|Win32
		{C79AB260-5777-4CBE-A335-6F97B804AE85}.Debug|x64.ActiveCfg = Debug|Any CPU
		{C79AB260-5777-4CBE-A335-6F97B804AE85}.Debug|x86.ActiveCfg = Debug|Any CPU
		{C79AB260-5777-4CBE-A335-6F97B804AE85}.Debug|x86.Build.0 = Debug|Any CPU
		{C79AB260-5777-4CBE-A335-6F97B804AE85}.Release|x64.ActiveCfg = Release|Any CPU
		{C79AB260-5777-4CBE-A335-6F97B804AE85}.Release|x86.ActiveCfg = Release|Any CPU
		{C79AB260-5777-4CBE-A335-6F97B804AE85}.Release|x86.Build.0 = Release|Any CPU
		{FE468CDF-BCD4-4583-AEED-41E4396464E0}.Debug|x64.ActiveCfg = Debug|x64
		{FE468CDF-BCD4-4583-AEED-41E4396464E0}.Debug|x64.Build.0 = Debug|x64
		{FE468CDF-BCD4-4583-AEED-41E4396464E0}.Debug|x86.ActiveCfg = Debug|Win32
		{FE468CDF-BCD4-4583-AEED-41E4396464E0}.Debug|x86.Build.0 = Debug|Win32
		{FE468CDF-BCD4-4583-AEED-41E4396464E0}.Release|x64.ActiveCfg = Release|x64
		{FE468CDF-BCD4-4583-AEED-41E4396464E0}.Release|x64.Build.0 = Release|x64
		{FE468CDF-BCD4-4583-AEED-41E4396464E0}.Release|x86.ActiveCfg = Release|Win32
		{FE468CDF-BCD4-4583-AEED-41E4396464E0}.Release|x86.Build.0 = Release|Win32
		{3F461A67-845B-4B5B-B941-2CAB22E2494C}.Debug|x64.ActiveCfg = Debug|x64
		{3F461A67-845B-4B5B-B941-2CAB22E2494C}.Debug|x64.Build.0 = Debug|x64
		{3F461A67-845B-4B5B-B941-2CAB22E2494C}.Debug|x86.ActiveCfg = Debug|Win32
		{3F461A67-845B-4B5B-B941-2CAB22E2494C}.Debug|x86.Build.0 = Debug|Win32
		{3F461A67-845B-4B5B-B941-2CAB22E2494C}.Release|x64.ActiveCfg = Release|x64
		{3F461A67-845B-4B5B-B941-2CAB22E2494C}.Release|x64.Build.0 = Release|x64
		{3F461A67-845B-4B5B-B941-2CAB22E2494C}.Release|x86.ActiveCfg = Release|Win32
		{3F461A67-845B-4B5B-B941-2CAB22E2494C}.Release|x86.Build.0 = Release|Win32
		{F7647932-39BB-4D27-9AB7-2364BA4BD9D8}.Debug|x64.ActiveCfg = Debug|Any CPU
		{F7647932-39BB-4D27-9AB7-2364BA4BD9D8}.Debug|x64.Build.0 = Debug|Any CPU
		{F7647932-39BB-4D27-9AB7-2364BA4BD9D8}.Debug|x86.ActiveCfg = Debug|Any CPU
		{F7647932-39BB-4D27-9AB7-2364BA4BD9D8}.Debug|x86.Build.0 = Debug|Any CPU
		{F7647932-39BB-4D27-9AB7-2364BA4BD9D8}.Release|x64.ActiveCfg = Release|x64
		{F7647932-39BB-4D27-9AB7-2364BA4BD9D8}.Release|x64.Build.0 = Release|x64
		{F7647932-39BB-4D27-9AB7-2364BA4BD9D8}.Release|x86.ActiveCfg = Release|x86
		{F7647932-39BB-4D27-9AB7-2364BA4BD9D8}.Release|x86.Build.0 = Release|x86
	EndGlobalSection
	GlobalSection(SolutionProperties) = preSolution
		HideSolutionNode = FALSE
	EndGlobalSection
EndGlobal
